
Microsoft Visual Studio Solution File, Format Version 12.00
# Visual Studio Version 16
VisualStudioVersion = 16.0.31019.35
MinimumVisualStudioVersion = 10.0.40219.1
Project("{FAE04EC0-301F-11D3-BF4B-00C04F79EFBC}") = "PEExportGen", "PEExportGen.csproj", "{595A4F7C-DBEA-4557-882A-B28BE92E06E0}"
EndProject
Global
	GlobalSection(SolutionConfigurationPlatforms) = preSolution
		Debug|Any CPU = Debug|Any CPU
		Release|Any CPU = Release|Any CPU
	EndGlobalSection
	GlobalSection(ProjectConfigurationPlatforms) = postSolution
		{595A4F7C-DBEA-4557-882A-B28BE92E06E0}.Debug|Any CPU.ActiveCfg = Debug|Any CPU
		{595A4F7C-DBEA-4557-882A-B28BE92E06E0}.Debug|Any CPU.Build.0 = Debug|Any CPU
		{595A4F7C-DBEA-4557-882A-B28BE92E06E0}.Release|Any CPU.ActiveCfg = Release|Any CPU
		{595A4F7C-DBEA-4557-882A-B28BE92E06E0}.Release|Any CPU.Build.0 = Release|Any CPU
	EndGlobalSection
	GlobalSection(SolutionProperties) = preSolution
		HideSolutionNode = FALSE
	EndGlobalSection
	GlobalSection(ExtensibilityGlobals) = postSolution
		SolutionGuid = {152D9E0C-B567-4FBF-B37B-7D781F7DEA15}
	EndGlobalSection
EndGlobal
